
Microsoft Visual Studio Solution File, Format Version 12.00
# Visual Studio 15
VisualStudioVersion = 15.0.27004.2008
MinimumVisualStudioVersion = 10.0.40219.1
Project("{FAE04EC0-301F-11D3-BF4B-00C04F79EFBC}") = "WebApiDemoContract", "WebApiDemoContract\WebApiDemoContract.csproj", "{B27CA932-45B3-4C8C-BA94-A27012234174}"
EndProject
Project("{FAE04EC0-301F-11D3-BF4B-00C04F79EFBC}") = "AopSdk", "alipay-sdk-NET-20171027120345\AopSdk.csproj", "{9C11CAE5-5188-4E71-825B-68FC3135728A}"
EndProject
Project("{FAE04EC0-301F-11D3-BF4B-00C04F79EFBC}") = "Core", "Core\Core.csproj", "{F512224C-9952-44E6-AE3F-557BECEF3F99}"
EndProject
Global
	GlobalSection(SolutionConfigurationPlatforms) = preSolution
		Debug|Any CPU = Debug|Any CPU
		Release|Any CPU = Release|Any CPU
	EndGlobalSection
	GlobalSection(ProjectConfigurationPlatforms) = postSolution
		{B27CA932-45B3-4C8C-BA94-A27012234174}.Debug|Any CPU.ActiveCfg = Debug|Any CPU
		{B27CA932-45B3-4C8C-BA94-A27012234174}.Debug|Any CPU.Build.0 = Debug|Any CPU
		{B27CA932-45B3-4C8C-BA94-A27012234174}.Release|Any CPU.ActiveCfg = Release|Any CPU
		{B27CA932-45B3-4C8C-BA94-A27012234174}.Release|Any CPU.Build.0 = Release|Any CPU
		{9C11CAE5-5188-4E71-825B-68FC3135728A}.Debug|Any CPU.ActiveCfg = Debug|Any CPU
		{9C11CAE5-5188-4E71-825B-68FC3135728A}.Debug|Any CPU.Build.0 = Debug|Any CPU
		{9C11CAE5-5188-4E71-825B-68FC3135728A}.Release|Any CPU.ActiveCfg = Release|Any CPU
		{9C11CAE5-5188-4E71-825B-68FC3135728A}.Release|Any CPU.Build.0 = Release|Any CPU
		{F512224C-9952-44E6-AE3F-557BECEF3F99}.Debug|Any CPU.ActiveCfg = Debug|Any CPU
		{F512224C-9952-44E6-AE3F-557BECEF3F99}.Debug|Any CPU.Build.0 = Debug|Any CPU
		{F512224C-9952-44E6-AE3F-557BECEF3F99}.Release|Any CPU.ActiveCfg = Release|Any CPU
		{F512224C-9952-44E6-AE3F-557BECEF3F99}.Release|Any CPU.Build.0 = Release|Any CPU
	EndGlobalSection
	GlobalSection(SolutionProperties) = preSolution
		HideSolutionNode = FALSE
	EndGlobalSection
	GlobalSection(ExtensibilityGlobals) = postSolution
		SolutionGuid = {55C4501E-156D-40AA-A0A4-0E15A12BFD96}
	EndGlobalSection
EndGlobal
